
Microsoft Visual Studio Solution File, Format Version 12.00
# Visual Studio Version 17
VisualStudioVersion = 17.14.36401.2
MinimumVisualStudioVersion = 10.0.40219.1
Project("{FAE04EC0-301F-11D3-BF4B-00C04F79EFBC}") = "Backend", "Backend\Backend.csproj", "{245A0A99-3A65-4944-B693-B9F5AC0D0657}"
EndProject
Project("{FAE04EC0-301F-11D3-BF4B-00C04F79EFBC}") = "Shared", "Shared\Shared.csproj", "{C6AFADA0-E8C7-4788-84DC-ACEB3A8BFAC0}"
EndProject
Project("{FAE04EC0-301F-11D3-BF4B-00C04F79EFBC}") = "Frontend", "Frontend\Frontend.csproj", "{80663EB1-E821-4DBD-B82C-A57C6A7ED8AA}"
EndProject
Global
	GlobalSection(SolutionConfigurationPlatforms) = preSolution
		Debug|Any CPU = Debug|Any CPU
		Debug|x64 = Debug|x64
		Debug|x86 = Debug|x86
		Release|Any CPU = Release|Any CPU
		Release|x64 = Release|x64
		Release|x86 = Release|x86
	EndGlobalSection
	GlobalSection(ProjectConfigurationPlatforms) = postSolution
		{245A0A99-3A65-4944-B693-B9F5AC0D0657}.Debug|Any CPU.ActiveCfg = Debug|Any CPU
		{245A0A99-3A65-4944-B693-B9F5AC0D0657}.Debug|Any CPU.Build.0 = Debug|Any CPU
		{245A0A99-3A65-4944-B693-B9F5AC0D0657}.Debug|x64.ActiveCfg = Debug|x64
		{245A0A99-3A65-4944-B693-B9F5AC0D0657}.Debug|x64.Build.0 = Debug|x64
		{245A0A99-3A65-4944-B693-B9F5AC0D0657}.Debug|x86.ActiveCfg = Debug|Any CPU
		{245A0A99-3A65-4944-B693-B9F5AC0D0657}.Debug|x86.Build.0 = Debug|Any CPU
		{245A0A99-3A65-4944-B693-B9F5AC0D0657}.Release|Any CPU.ActiveCfg = Release|Any CPU
		{245A0A99-3A65-4944-B693-B9F5AC0D0657}.Release|Any CPU.Build.0 = Release|Any CPU
		{245A0A99-3A65-4944-B693-B9F5AC0D0657}.Release|x64.ActiveCfg = Release|x64
		{245A0A99-3A65-4944-B693-B9F5AC0D0657}.Release|x64.Build.0 = Release|x64
		{245A0A99-3A65-4944-B693-B9F5AC0D0657}.Release|x86.ActiveCfg = Release|Any CPU
		{245A0A99-3A65-4944-B693-B9F5AC0D0657}.Release|x86.Build.0 = Release|Any CPU
		{C6AFADA0-E8C7-4788-84DC-ACEB3A8BFAC0}.Debug|Any CPU.ActiveCfg = Debug|Any CPU
		{C6AFADA0-E8C7-4788-84DC-ACEB3A8BFAC0}.Debug|Any CPU.Build.0 = Debug|Any CPU
		{C6AFADA0-E8C7-4788-84DC-ACEB3A8BFAC0}.Debug|x64.ActiveCfg = Debug|x64
		{C6AFADA0-E8C7-4788-84DC-ACEB3A8BFAC0}.Debug|x64.Build.0 = Debug|x64
		{C6AFADA0-E8C7-4788-84DC-ACEB3A8BFAC0}.Debug|x86.ActiveCfg = Debug|Any CPU
		{C6AFADA0-E8C7-4788-84DC-ACEB3A8BFAC0}.Debug|x86.Build.0 = Debug|Any CPU
		{C6AFADA0-E8C7-4788-84DC-ACEB3A8BFAC0}.Release|Any CPU.ActiveCfg = Release|Any CPU
		{C6AFADA0-E8C7-4788-84DC-ACEB3A8BFAC0}.Release|Any CPU.Build.0 = Release|Any CPU
		{C6AFADA0-E8C7-4788-84DC-ACEB3A8BFAC0}.Release|x64.ActiveCfg = Release|x64
		{C6AFADA0-E8C7-4788-84DC-ACEB3A8BFAC0}.Release|x64.Build.0 = Release|x64
		{C6AFADA0-E8C7-4788-84DC-ACEB3A8BFAC0}.Release|x86.ActiveCfg = Release|Any CPU
		{C6AFADA0-E8C7-4788-84DC-ACEB3A8BFAC0}.Release|x86.Build.0 = Release|Any CPU
		{80663EB1-E821-4DBD-B82C-A57C6A7ED8AA}.Debug|Any CPU.ActiveCfg = Debug|Any CPU
		{80663EB1-E821-4DBD-B82C-A57C6A7ED8AA}.Debug|Any CPU.Build.0 = Debug|Any CPU
		{80663EB1-E821-4DBD-B82C-A57C6A7ED8AA}.Debug|x64.ActiveCfg = Debug|Any CPU
		{80663EB1-E821-4DBD-B82C-A57C6A7ED8AA}.Debug|x64.Build.0 = Debug|Any CPU
		{80663EB1-E821-4DBD-B82C-A57C6A7ED8AA}.Debug|x86.ActiveCfg = Debug|Any CPU
		{80663EB1-E821-4DBD-B82C-A57C6A7ED8AA}.Debug|x86.Build.0 = Debug|Any CPU
		{80663EB1-E821-4DBD-B82C-A57C6A7ED8AA}.Release|Any CPU.ActiveCfg = Release|Any CPU
		{80663EB1-E821-4DBD-B82C-A57C6A7ED8AA}.Release|Any CPU.Build.0 = Release|Any CPU
		{80663EB1-E821-4DBD-B82C-A57C6A7ED8AA}.Release|x64.ActiveCfg = Release|Any CPU
		{80663EB1-E821-4DBD-B82C-A57C6A7ED8AA}.Release|x64.Build.0 = Release|Any CPU
		{80663EB1-E821-4DBD-B82C-A57C6A7ED8AA}.Release|x86.ActiveCfg = Release|Any CPU
		{80663EB1-E821-4DBD-B82C-A57C6A7ED8AA}.Release|x86.Build.0 = Release|Any CPU
	EndGlobalSection
	GlobalSection(SolutionProperties) = preSolution
		HideSolutionNode = FALSE
	EndGlobalSection
	GlobalSection(ExtensibilityGlobals) = postSolution
		SolutionGuid = {16D3F425-D690-4AA3-896B-0525E4028C9B}
	EndGlobalSection
EndGlobal
